
Microsoft Visual Studio Solution File, Format Version 12.00
# Visual Studio Version 16
VisualStudioVersion = 16.0.31019.35
MinimumVisualStudioVersion = 10.0.40219.1
Project("{9A19103F-16F7-4668-BE54-9A1E7A4F7556}") = "BillingSoftware.Core", "BillingSoftware.Core\BillingSoftware.Core.csproj", "{446648D7-2933-4DFD-914D-BA00F74AF713}"
EndProject
Project("{FAE04EC0-301F-11D3-BF4B-00C04F79EFBC}") = "BillingSoftware.Persistence", "BillingSoftware.Persistence\BillingSoftware.Persistence.csproj", "{8E1C7992-0CDE-4646-BE79-E9F95055780E}"
EndProject
Project("{FAE04EC0-301F-11D3-BF4B-00C04F79EFBC}") = "BillingSoftware.Web", "BillingSoftware.Web\BillingSoftware.Web.csproj", "{896C75C5-EF9D-4A11-B473-A971A953D367}"
EndProject
Global
	GlobalSection(SolutionConfigurationPlatforms) = preSolution
		Debug|Any CPU = Debug|Any CPU
		Release|Any CPU = Release|Any CPU
	EndGlobalSection
	GlobalSection(ProjectConfigurationPlatforms) = postSolution
		{446648D7-2933-4DFD-914D-BA00F74AF713}.Debug|Any CPU.ActiveCfg = Debug|Any CPU
		{446648D7-2933-4DFD-914D-BA00F74AF713}.Debug|Any CPU.Build.0 = Debug|Any CPU
		{446648D7-2933-4DFD-914D-BA00F74AF713}.Release|Any CPU.ActiveCfg = Release|Any CPU
		{446648D7-2933-4DFD-914D-BA00F74AF713}.Release|Any CPU.Build.0 = Release|Any CPU
		{8E1C7992-0CDE-4646-BE79-E9F95055780E}.Debug|Any CPU.ActiveCfg = Debug|Any CPU
		{8E1C7992-0CDE-4646-BE79-E9F95055780E}.Debug|Any CPU.Build.0 = Debug|Any CPU
		{8E1C7992-0CDE-4646-BE79-E9F95055780E}.Release|Any CPU.ActiveCfg = Release|Any CPU
		{8E1C7992-0CDE-4646-BE79-E9F95055780E}.Release|Any CPU.Build.0 = Release|Any CPU
		{896C75C5-EF9D-4A11-B473-A971A953D367}.Debug|Any CPU.ActiveCfg = Debug|Any CPU
		{896C75C5-EF9D-4A11-B473-A971A953D367}.Debug|Any CPU.Build.0 = Debug|Any CPU
		{896C75C5-EF9D-4A11-B473-A971A953D367}.Release|Any CPU.ActiveCfg = Release|Any CPU
		{896C75C5-EF9D-4A11-B473-A971A953D367}.Release|Any CPU.Build.0 = Release|Any CPU
	EndGlobalSection
	GlobalSection(SolutionProperties) = preSolution
		HideSolutionNode = FALSE
	EndGlobalSection
	GlobalSection(ExtensibilityGlobals) = postSolution
		SolutionGuid = {0ACD6ED6-7593-48DD-BD71-6B5AA26E6AA9}
	EndGlobalSection
EndGlobal
